
Microsoft Visual Studio Solution File, Format Version 12.00
# Visual Studio Version 17
VisualStudioVersion = 17.0.32126.317
MinimumVisualStudioVersion = 10.0.40219.1
Project("{FAE04EC0-301F-11D3-BF4B-00C04F79EFBC}") = "reporte", "reporte\reporte.csproj", "{ACAE3DB7-61BB-46BC-9E69-C9980AFF49E2}"
EndProject
Global
	GlobalSection(SolutionConfigurationPlatforms) = preSolution
		Debug|Any CPU = Debug|Any CPU
		Release|Any CPU = Release|Any CPU
	EndGlobalSection
	GlobalSection(ProjectConfigurationPlatforms) = postSolution
		{ACAE3DB7-61BB-46BC-9E69-C9980AFF49E2}.Debug|Any CPU.ActiveCfg = Debug|Any CPU
		{ACAE3DB7-61BB-46BC-9E69-C9980AFF49E2}.Debug|Any CPU.Build.0 = Debug|Any CPU
		{ACAE3DB7-61BB-46BC-9E69-C9980AFF49E2}.Release|Any CPU.ActiveCfg = Release|Any CPU
		{ACAE3DB7-61BB-46BC-9E69-C9980AFF49E2}.Release|Any CPU.Build.0 = Release|Any CPU
	EndGlobalSection
	GlobalSection(SolutionProperties) = preSolution
		HideSolutionNode = FALSE
	EndGlobalSection
	GlobalSection(ExtensibilityGlobals) = postSolution
		SolutionGuid = {ECA9ABE7-9CDA-4C41-BCC6-FAFC3896E16A}
	EndGlobalSection
EndGlobal
